
Microsoft Visual Studio Solution File, Format Version 12.00
# Visual Studio Version 16
VisualStudioVersion = 16.0.35026.282
MinimumVisualStudioVersion = 10.0.40219.1
Project("{FAE04EC0-301F-11D3-BF4B-00C04F79EFBC}") = "SpectrumAnalysis_1", "SpectrumAnalysis_1.csproj", "{16DA95D4-6054-4537-994F-A53ED5C5F826}"
EndProject
Project("{FAE04EC0-301F-11D3-BF4B-00C04F79EFBC}") = "Form2", "..\Form2\Form2.csproj", "{67E4C3B9-33C1-4A74-84E7-A376DA7362FB}"
EndProject
Project("{FAE04EC0-301F-11D3-BF4B-00C04F79EFBC}") = "SharedLibrary", "..\SharedLibrary\SharedLibrary.csproj", "{06E2A3A4-897D-4238-B0BE-228F5D6F9BB9}"
EndProject
Project("{FAE04EC0-301F-11D3-BF4B-00C04F79EFBC}") = "ATS9350_NPT", "..\..\..\..\..\ATS-SDK\7.3.0\Samples_CSharp\ATS9350\DualPort\NPT\ATS9350_NPT\ATS9350_NPT.csproj", "{AC9B4B90-610C-46DB-9C39-AF02CA8A477D}"
EndProject
Global
	GlobalSection(SolutionConfigurationPlatforms) = preSolution
		Debug|Any CPU = Debug|Any CPU
		Release|Any CPU = Release|Any CPU
	EndGlobalSection
	GlobalSection(ProjectConfigurationPlatforms) = postSolution
		{16DA95D4-6054-4537-994F-A53ED5C5F826}.Debug|Any CPU.ActiveCfg = Debug|Any CPU
		{16DA95D4-6054-4537-994F-A53ED5C5F826}.Debug|Any CPU.Build.0 = Debug|Any CPU
		{16DA95D4-6054-4537-994F-A53ED5C5F826}.Release|Any CPU.ActiveCfg = Release|Any CPU
		{16DA95D4-6054-4537-994F-A53ED5C5F826}.Release|Any CPU.Build.0 = Release|Any CPU
		{67E4C3B9-33C1-4A74-84E7-A376DA7362FB}.Debug|Any CPU.ActiveCfg = Debug|Any CPU
		{67E4C3B9-33C1-4A74-84E7-A376DA7362FB}.Debug|Any CPU.Build.0 = Debug|Any CPU
		{67E4C3B9-33C1-4A74-84E7-A376DA7362FB}.Release|Any CPU.ActiveCfg = Release|Any CPU
		{67E4C3B9-33C1-4A74-84E7-A376DA7362FB}.Release|Any CPU.Build.0 = Release|Any CPU
		{06E2A3A4-897D-4238-B0BE-228F5D6F9BB9}.Debug|Any CPU.ActiveCfg = Debug|Any CPU
		{06E2A3A4-897D-4238-B0BE-228F5D6F9BB9}.Debug|Any CPU.Build.0 = Debug|Any CPU
		{06E2A3A4-897D-4238-B0BE-228F5D6F9BB9}.Release|Any CPU.ActiveCfg = Release|Any CPU
		{06E2A3A4-897D-4238-B0BE-228F5D6F9BB9}.Release|Any CPU.Build.0 = Release|Any CPU
		{AC9B4B90-610C-46DB-9C39-AF02CA8A477D}.Debug|Any CPU.ActiveCfg = Debug|Any CPU
		{AC9B4B90-610C-46DB-9C39-AF02CA8A477D}.Debug|Any CPU.Build.0 = Debug|Any CPU
		{AC9B4B90-610C-46DB-9C39-AF02CA8A477D}.Release|Any CPU.ActiveCfg = Release|Any CPU
		{AC9B4B90-610C-46DB-9C39-AF02CA8A477D}.Release|Any CPU.Build.0 = Release|Any CPU
	EndGlobalSection
	GlobalSection(SolutionProperties) = preSolution
		HideSolutionNode = FALSE
	EndGlobalSection
	GlobalSection(ExtensibilityGlobals) = postSolution
		SolutionGuid = {7AA18A71-03EA-42C8-95FB-4E05D01CA336}
	EndGlobalSection
EndGlobal
